
Microsoft Visual Studio Solution File, Format Version 12.00
# Visual Studio 2013
Project("{FAE04EC0-301F-11D3-BF4B-00C04F79EFBC}") = "AmazingRPG.CSharp.Plugins", "AmazingRPG.CSharp.Plugins.csproj", "{A1379F31-ADD8-40FF-5F18-8C5C65214BE7}"
EndProject
Project("{FAE04EC0-301F-11D3-BF4B-00C04F79EFBC}") = "AmazingRPG.CSharp", "AmazingRPG.CSharp.csproj", "{5988C922-7C83-F986-B322-5706BF69F22D}"
EndProject
Project("{FAE04EC0-301F-11D3-BF4B-00C04F79EFBC}") = "AmazingRPG.CSharp.Editor", "AmazingRPG.CSharp.Editor.csproj", "{AEE1D03D-474D-CFC7-B8A0-82A067570B6C}"
EndProject
Global
	GlobalSection(SolutionConfigurationPlatforms) = preSolution
		Debug|Any CPU = Debug|Any CPU
		Release|Any CPU = Release|Any CPU
	EndGlobalSection
	GlobalSection(ProjectConfigurationPlatforms) = postSolution
		{A1379F31-ADD8-40FF-5F18-8C5C65214BE7}.Debug|Any CPU.ActiveCfg = Debug|Any CPU
		{A1379F31-ADD8-40FF-5F18-8C5C65214BE7}.Debug|Any CPU.Build.0 = Debug|Any CPU
		{A1379F31-ADD8-40FF-5F18-8C5C65214BE7}.Release|Any CPU.ActiveCfg = Release|Any CPU
		{A1379F31-ADD8-40FF-5F18-8C5C65214BE7}.Release|Any CPU.Build.0 = Release|Any CPU
		{5988C922-7C83-F986-B322-5706BF69F22D}.Debug|Any CPU.ActiveCfg = Debug|Any CPU
		{5988C922-7C83-F986-B322-5706BF69F22D}.Debug|Any CPU.Build.0 = Debug|Any CPU
		{5988C922-7C83-F986-B322-5706BF69F22D}.Release|Any CPU.ActiveCfg = Release|Any CPU
		{5988C922-7C83-F986-B322-5706BF69F22D}.Release|Any CPU.Build.0 = Release|Any CPU
		{AEE1D03D-474D-CFC7-B8A0-82A067570B6C}.Debug|Any CPU.ActiveCfg = Debug|Any CPU
		{AEE1D03D-474D-CFC7-B8A0-82A067570B6C}.Debug|Any CPU.Build.0 = Debug|Any CPU
		{AEE1D03D-474D-CFC7-B8A0-82A067570B6C}.Release|Any CPU.ActiveCfg = Release|Any CPU
		{AEE1D03D-474D-CFC7-B8A0-82A067570B6C}.Release|Any CPU.Build.0 = Release|Any CPU
	EndGlobalSection
	GlobalSection(SolutionProperties) = preSolution
		HideSolutionNode = FALSE
	EndGlobalSection
EndGlobal
